// !$*UTF8*$!
{
	archiveVersion = 1;
	classes = {
	};
	objectVersion = 56;
	objects = {

/* Begin PBXBuildFile section */
		170487C32AA04323003136B2 /* Hello_worldApp.swift in Sources */ = {isa = PBXBuildFile; fileRef = 170487C22AA04323003136B2 /* Hello_worldApp.swift */; };
		170487C52AA04323003136B2 /* ContentView.swift in Sources */ = {isa = PBXBuildFile; fileRef = 170487C42AA04323003136B2 /* ContentView.swift */; };
		170487C72AA04325003136B2 /* Assets.xcassets in Resources */ = {isa = PBXBuildFile; fileRef = 170487C62AA04325003136B2 /* Assets.xcassets */; };
		170487CB2AA04325003136B2 /* Preview Assets.xcassets in Resources */ = {isa = PBXBuildFile; fileRef = 170487CA2AA04325003136B2 /* Preview Assets.xcassets */; };
		170487D52AA04325003136B2 /* Hello_worldTests.swift in Sources */ = {isa = PBXBuildFile; fileRef = 170487D42AA04325003136B2 /* Hello_worldTests.swift */; };
		170487DF2AA04325003136B2 /* Hello_worldUITests.swift in Sources */ = {isa = PBXBuildFile; fileRef = 170487DE2AA04325003136B2 /* Hello_worldUITests.swift */; };
		170487E12AA04325003136B2 /* Hello_worldUITestsLaunchTests.swift in Sources */ = {isa = PBXBuildFile; fileRef = 170487E02AA04325003136B2 /* Hello_worldUITestsLaunchTests.swift */; };
/* End PBXBuildFile section */

/* Begin PBXContainerItemProxy section */
		170487D12AA04325003136B2 /* PBXContainerItemProxy */ = {
			isa = PBXContainerItemProxy;
			containerPortal = 170487B72AA04323003136B2 /* Project object */;
			proxyType = 1;
			remoteGlobalIDString = 170487BE2AA04323003136B2;
			remoteInfo = Hello_world;
		};
		170487DB2AA04325003136B2 /* PBXContainerItemProxy */ = {
			isa = PBXContainerItemProxy;
			containerPortal = 170487B72AA04323003136B2 /* Project object */;
			proxyType = 1;
			remoteGlobalIDString = 170487BE2AA04323003136B2;
			remoteInfo = Hello_world;
		};
/* End PBXContainerItemProxy section */

/* Begin PBXFileReference section */
		170487BF2AA04323003136B2 /* Hello_world.app */ = {isa = PBXFileReference; explicitFileType = wrapper.application; includeInIndex = 0; path = Hello_world.app; sourceTree = BUILT_PRODUCTS_DIR; };
		170487C22AA04323003136B2 /* Hello_worldApp.swift */ = {isa = PBXFileReference; lastKnownFileType = sourcecode.swift; path = Hello_worldApp.swift; sourceTree = "<group>"; };
		170487C42AA04323003136B2 /* ContentView.swift */ = {isa = PBXFileReference; lastKnownFileType = sourcecode.swift; path = ContentView.swift; sourceTree = "<group>"; };
		170487C62AA04325003136B2 /* Assets.xcassets */ = {isa = PBXFileReference; lastKnownFileType = folder.assetcatalog; path = Assets.xcassets; sourceTree = "<group>"; };
		170487C82AA04325003136B2 /* Hello_world.entitlements */ = {isa = PBXFileReference; lastKnownFileType = text.plist.entitlements; path = Hello_world.entitlements; sourceTree = "<group>"; };
		170487CA2AA04325003136B2 /* Preview Assets.xcassets */ = {isa = PBXFileReference; lastKnownFileType = folder.assetcatalog; path = "Preview Assets.xcassets"; sourceTree = "<group>"; };
		170487D02AA04325003136B2 /* Hello_worldTests.xctest */ = {isa = PBXFileReference; explicitFileType = wrapper.cfbundle; includeInIndex = 0; path = Hello_worldTests.xctest; sourceTree = BUILT_PRODUCTS_DIR; };
		170487D42AA04325003136B2 /* Hello_worldTests.swift */ = {isa = PBXFileReference; lastKnownFileType = sourcecode.swift; path = Hello_worldTests.swift; sourceTree = "<group>"; };
		170487DA2AA04325003136B2 /* Hello_worldUITests.xctest */ = {isa = PBXFileReference; explicitFileType = wrapper.cfbundle; includeInIndex = 0; path = Hello_worldUITests.xctest; sourceTree = BUILT_PRODUCTS_DIR; };
		170487DE2AA04325003136B2 /* Hello_worldUITests.swift */ = {isa = PBXFileReference; lastKnownFileType = sourcecode.swift; path = Hello_worldUITests.swift; sourceTree = "<group>"; };
		170487E02AA04325003136B2 /* Hello_worldUITestsLaunchTests.swift */ = {isa = PBXFileReference; lastKnownFileType = sourcecode.swift; path = Hello_worldUITestsLaunchTests.swift; sourceTree = "<group>"; };
/* End PBXFileReference section */

/* Begin PBXFrameworksBuildPhase section */
		170487BC2AA04323003136B2 /* Frameworks */ = {
			isa = PBXFrameworksBuildPhase;
			buildActionMask = 2147483647;
			files = (
			);
			runOnlyForDeploymentPostprocessing = 0;
		};
		170487CD2AA04325003136B2 /* Frameworks */ = {
			isa = PBXFrameworksBuildPhase;
			buildActionMask = 2147483647;
			files = (
			);
			runOnlyForDeploymentPostprocessing = 0;
		};
		170487D72AA04325003136B2 /* Frameworks */ = {
			isa = PBXFrameworksBuildPhase;
			buildActionMask = 2147483647;
			files = (
			);
			runOnlyForDeploymentPostprocessing = 0;
		};
/* End PBXFrameworksBuildPhase section */

/* Begin PBXGroup section */
		170487B62AA04323003136B2 = {
			isa = PBXGroup;
			children = (
				170487C12AA04323003136B2 /* Hello_world */,
				170487D32AA04325003136B2 /* Hello_worldTests */,
				170487DD2AA04325003136B2 /* Hello_worldUITests */,
				170487C02AA04323003136B2 /* Products */,
			);
			sourceTree = "<group>";
		};
		170487C02AA04323003136B2 /* Products */ = {
			isa = PBXGroup;
			children = (
				170487BF2AA04323003136B2 /* Hello_world.app */,
				170487D02AA04325003136B2 /* Hello_worldTests.xctest */,
				170487DA2AA04325003136B2 /* Hello_worldUITests.xctest */,
			);
			name = Products;
			sourceTree = "<group>";
		};
		170487C12AA04323003136B2 /* Hello_world */ = {
			isa = PBXGroup;
			children = (
				170487C22AA04323003136B2 /* Hello_worldApp.swift */,
				170487C42AA04323003136B2 /* ContentView.swift */,
				170487C62AA04325003136B2 /* Assets.xcassets */,
				170487C82AA04325003136B2 /* Hello_world.entitlements */,
				170487C92AA04325003136B2 /* Preview Content */,
			);
			path = Hello_world;
			sourceTree = "<group>";
		};
		170487C92AA04325003136B2 /* Preview Content */ = {
			isa = PBXGroup;
			children = (
				170487CA2AA04325003136B2 /* Preview Assets.xcassets */,
			);
			path = "Preview Content";
			sourceTree = "<group>";
		};
		170487D32AA04325003136B2 /* Hello_worldTests */ = {
			isa = PBXGroup;
			children = (
				170487D42AA04325003136B2 /* Hello_worldTests.swift */,
			);
			path = Hello_worldTests;
			sourceTree = "<group>";
		};
		170487DD2AA04325003136B2 /* Hello_worldUITests */ = {
			isa = PBXGroup;
			children = (
				170487DE2AA04325003136B2 /* Hello_worldUITests.swift */,
				170487E02AA04325003136B2 /* Hello_worldUITestsLaunchTests.swift */,
			);
			path = Hello_worldUITests;
			sourceTree = "<group>";
		};
/* End PBXGroup section */

/* Begin PBXNativeTarget section */
		170487BE2AA04323003136B2 /* Hello_world */ = {
			isa = PBXNativeTarget;
			buildConfigurationList = 170487E42AA04325003136B2 /* Build configuration list for PBXNativeTarget "Hello_world" */;
			buildPhases = (
				170487BB2AA04323003136B2 /* Sources */,
				170487BC2AA04323003136B2 /* Frameworks */,
				170487BD2AA04323003136B2 /* Resources */,
			);
			buildRules = (
			);
			dependencies = (
			);
			name = Hello_world;
			productName = Hello_world;
			productReference = 170487BF2AA04323003136B2 /* Hello_world.app */;
			productType = "com.apple.product-type.application";
		};
		170487CF2AA04325003136B2 /* Hello_worldTests */ = {
			isa = PBXNativeTarget;
			buildConfigurationList = 170487E72AA04325003136B2 /* Build configuration list for PBXNativeTarget "Hello_worldTests" */;
			buildPhases = (
				170487CC2AA04325003136B2 /* Sources */,
				170487CD2AA04325003136B2 /* Frameworks */,
				170487CE2AA04325003136B2 /* Resources */,
			);
			buildRules = (
			);
			dependencies = (
				170487D22AA04325003136B2 /* PBXTargetDependency */,
			);
			name = Hello_worldTests;
			productName = Hello_worldTests;
			productReference = 170487D02AA04325003136B2 /* Hello_worldTests.xctest */;
			productType = "com.apple.product-type.bundle.unit-test";
		};
		170487D92AA04325003136B2 /* Hello_worldUITests */ = {
			isa = PBXNativeTarget;
			buildConfigurationList = 170487EA2AA04325003136B2 /* Build configuration list for PBXNativeTarget "Hello_worldUITests" */;
			buildPhases = (
				170487D62AA04325003136B2 /* Sources */,
				170487D72AA04325003136B2 /* Frameworks */,
				170487D82AA04325003136B2 /* Resources */,
			);
			buildRules = (
			);
			dependencies = (
				170487DC2AA04325003136B2 /* PBXTargetDependency */,
			);
			name = Hello_worldUITests;
			productName = Hello_worldUITests;
			productReference = 170487DA2AA04325003136B2 /* Hello_worldUITests.xctest */;
			productType = "com.apple.product-type.bundle.ui-testing";
		};
/* End PBXNativeTarget section */

/* Begin PBXProject section */
		170487B72AA04323003136B2 /* Project object */ = {
			isa = PBXProject;
			attributes = {
				BuildIndependentTargetsInParallel = 1;
				LastSwiftUpdateCheck = 1430;
				LastUpgradeCheck = 1430;
				TargetAttributes = {
					170487BE2AA04323003136B2 = {
						CreatedOnToolsVersion = 14.3.1;
					};
					170487CF2AA04325003136B2 = {
						CreatedOnToolsVersion = 14.3.1;
						TestTargetID = 170487BE2AA04323003136B2;
					};
					170487D92AA04325003136B2 = {
						CreatedOnToolsVersion = 14.3.1;
						TestTargetID = 170487BE2AA04323003136B2;
					};
				};
			};
			buildConfigurationList = 170487BA2AA04323003136B2 /* Build configuration list for PBXProject "Hello_world" */;
			compatibilityVersion = "Xcode 14.0";
			developmentRegion = en;
			hasScannedForEncodings = 0;
			knownRegions = (
				en,
				Base,
			);
			mainGroup = 170487B62AA04323003136B2;
			productRefGroup = 170487C02AA04323003136B2 /* Products */;
			projectDirPath = "";
			projectRoot = "";
			targets = (
				170487BE2AA04323003136B2 /* Hello_world */,
				170487CF2AA04325003136B2 /* Hello_worldTests */,
				170487D92AA04325003136B2 /* Hello_worldUITests */,
			);
		};
/* End PBXProject section */

/* Begin PBXResourcesBuildPhase section */
		170487BD2AA04323003136B2 /* Resources */ = {
			isa = PBXResourcesBuildPhase;
			buildActionMask = 2147483647;
			files = (
				170487CB2AA04325003136B2 /* Preview Assets.xcassets in Resources */,
				170487C72AA04325003136B2 /* Assets.xcassets in Resources */,
			);
			runOnlyForDeploymentPostprocessing = 0;
		};
		170487CE2AA04325003136B2 /* Resources */ = {
			isa = PBXResourcesBuildPhase;
			buildActionMask = 2147483647;
			files = (
			);
			runOnlyForDeploymentPostprocessing = 0;
		};
		170487D82AA04325003136B2 /* Resources */ = {
			isa = PBXResourcesBuildPhase;
			buildActionMask = 2147483647;
			files = (
			);
			runOnlyForDeploymentPostprocessing = 0;
		};
/* End PBXResourcesBuildPhase section */

/* Begin PBXSourcesBuildPhase section */
		170487BB2AA04323003136B2 /* Sources */ = {
			isa = PBXSourcesBuildPhase;
			buildActionMask = 2147483647;
			files = (
				170487C52AA04323003136B2 /* ContentView.swift in Sources */,
				170487C32AA04323003136B2 /* Hello_worldApp.swift in Sources */,
			);
			runOnlyForDeploymentPostprocessing = 0;
		};
		170487CC2AA04325003136B2 /* Sources */ = {
			isa = PBXSourcesBuildPhase;
			buildActionMask = 2147483647;
			files = (
				170487D52AA04325003136B2 /* Hello_worldTests.swift in Sources */,
			);
			runOnlyForDeploymentPostprocessing = 0;
		};
		170487D62AA04325003136B2 /* Sources */ = {
			isa = PBXSourcesBuildPhase;
			buildActionMask = 2147483647;
			files = (
				170487E12AA04325003136B2 /* Hello_worldUITestsLaunchTests.swift in Sources */,
				170487DF2AA04325003136B2 /* Hello_worldUITests.swift in Sources */,
			);
			runOnlyForDeploymentPostprocessing = 0;
		};
/* End PBXSourcesBuildPhase section */

/* Begin PBXTargetDependency section */
		170487D22AA04325003136B2 /* PBXTargetDependency */ = {
			isa = PBXTargetDependency;
			target = 170487BE2AA04323003136B2 /* Hello_world */;
			targetProxy = 170487D12AA04325003136B2 /* PBXContainerItemProxy */;
		};
		170487DC2AA04325003136B2 /* PBXTargetDependency */ = {
			isa = PBXTargetDependency;
			target = 170487BE2AA04323003136B2 /* Hello_world */;
			targetProxy = 170487DB2AA04325003136B2 /* PBXContainerItemProxy */;
		};
/* End PBXTargetDependency section */

/* Begin XCBuildConfiguration section */
		170487E22AA04325003136B2 /* Debug */ = {
			isa = XCBuildConfiguration;
			buildSettings = {
				ALWAYS_SEARCH_USER_PATHS = NO;
				CLANG_ANALYZER_NONNULL = YES;
				CLANG_ANALYZER_NUMBER_OBJECT_CONVERSION = YES_AGGRESSIVE;
				CLANG_CXX_LANGUAGE_STANDARD = "gnu++20";
				CLANG_ENABLE_MODULES = YES;
				CLANG_ENABLE_OBJC_ARC = YES;
				CLANG_ENABLE_OBJC_WEAK = YES;
				CLANG_WARN_BLOCK_CAPTURE_AUTORELEASING = YES;
				CLANG_WARN_BOOL_CONVERSION = YES;
				CLANG_WARN_COMMA = YES;
				CLANG_WARN_CONSTANT_CONVERSION = YES;
				CLANG_WARN_DEPRECATED_OBJC_IMPLEMENTATIONS = YES;
				CLANG_WARN_DIRECT_OBJC_ISA_USAGE = YES_ERROR;
				CLANG_WARN_DOCUMENTATION_COMMENTS = YES;
				CLANG_WARN_EMPTY_BODY = YES;
				CLANG_WARN_ENUM_CONVERSION = YES;
				CLANG_WARN_INFINITE_RECURSION = YES;
				CLANG_WARN_INT_CONVERSION = YES;
				CLANG_WARN_NON_LITERAL_NULL_CONVERSION = YES;
				CLANG_WARN_OBJC_IMPLICIT_RETAIN_SELF = YES;
				CLANG_WARN_OBJC_LITERAL_CONVERSION = YES;
				CLANG_WARN_OBJC_ROOT_CLASS = YES_ERROR;
				CLANG_WARN_QUOTED_INCLUDE_IN_FRAMEWORK_HEADER = YES;
				CLANG_WARN_RANGE_LOOP_ANALYSIS = YES;
				CLANG_WARN_STRICT_PROTOTYPES = YES;
				CLANG_WARN_SUSPICIOUS_MOVE = YES;
				CLANG_WARN_UNGUARDED_AVAILABILITY = YES_AGGRESSIVE;
				CLANG_WARN_UNREACHABLE_CODE = YES;
				CLANG_WARN__DUPLICATE_METHOD_MATCH = YES;
				COPY_PHASE_STRIP = NO;
				DEBUG_INFORMATION_FORMAT = dwarf;
				ENABLE_STRICT_OBJC_MSGSEND = YES;
				ENABLE_TESTABILITY = YES;
				GCC_C_LANGUAGE_STANDARD = gnu11;
				GCC_DYNAMIC_NO_PIC = NO;
				GCC_NO_COMMON_BLOCKS = YES;
				GCC_OPTIMIZATION_LEVEL = 0;
				GCC_PREPROCESSOR_DEFINITIONS = (
					"DEBUG=1",
					"$(inherited)",
				);
				GCC_WARN_64_TO_32_BIT_CONVERSION = YES;
				GCC_WARN_ABOUT_RETURN_TYPE = YES_ERROR;
				GCC_WARN_UNDECLARED_SELECTOR = YES;
				GCC_WARN_UNINITIALIZED_AUTOS = YES_AGGRESSIVE;
				GCC_WARN_UNUSED_FUNCTION = YES;
				GCC_WARN_UNUSED_VARIABLE = YES;
				MTL_ENABLE_DEBUG_INFO = INCLUDE_SOURCE;
				MTL_FAST_MATH = YES;
				ONLY_ACTIVE_ARCH = YES;
				SWIFT_ACTIVE_COMPILATION_CONDITIONS = DEBUG;
				SWIFT_OPTIMIZATION_LEVEL = "-Onone";
			};
			name = Debug;
		};
		170487E32AA04325003136B2 /* Release */ = {
			isa = XCBuildConfiguration;
			buildSettings = {
				ALWAYS_SEARCH_USER_PATHS = NO;
				CLANG_ANALYZER_NONNULL = YES;
				CLANG_ANALYZER_NUMBER_OBJECT_CONVERSION = YES_AGGRESSIVE;
				CLANG_CXX_LANGUAGE_STANDARD = "gnu++20";
				CLANG_ENABLE_MODULES = YES;
				CLANG_ENABLE_OBJC_ARC = YES;
				CLANG_ENABLE_OBJC_WEAK = YES;
				CLANG_WARN_BLOCK_CAPTURE_AUTORELEASING = YES;
				CLANG_WARN_BOOL_CONVERSION = YES;
				CLANG_WARN_COMMA = YES;
				CLANG_WARN_CONSTANT_CONVERSION = YES;
				CLANG_WARN_DEPRECATED_OBJC_IMPLEMENTATIONS = YES;
				CLANG_WARN_DIRECT_OBJC_ISA_USAGE = YES_ERROR;
				CLANG_WARN_DOCUMENTATION_COMMENTS = YES;
				CLANG_WARN_EMPTY_BODY = YES;
				CLANG_WARN_ENUM_CONVERSION = YES;
				CLANG_WARN_INFINITE_RECURSION = YES;
				CLANG_WARN_INT_CONVERSION = YES;
				CLANG_WARN_NON_LITERAL_NULL_CONVERSION = YES;
				CLANG_WARN_OBJC_IMPLICIT_RETAIN_SELF = YES;
				CLANG_WARN_OBJC_LITERAL_CONVERSION = YES;
				CLANG_WARN_OBJC_ROOT_CLASS = YES_ERROR;
				CLANG_WARN_QUOTED_INCLUDE_IN_FRAMEWORK_HEADER = YES;
				CLANG_WARN_RANGE_LOOP_ANALYSIS = YES;
				CLANG_WARN_STRICT_PROTOTYPES = YES;
				CLANG_WARN_SUSPICIOUS_MOVE = YES;
				CLANG_WARN_UNGUARDED_AVAILABILITY = YES_AGGRESSIVE;
				CLANG_WARN_UNREACHABLE_CODE = YES;
				CLANG_WARN__DUPLICATE_METHOD_MATCH = YES;
				COPY_PHASE_STRIP = NO;
				DEBUG_INFORMATION_FORMAT = "dwarf-with-dsym";
				ENABLE_NS_ASSERTIONS = NO;
				ENABLE_STRICT_OBJC_MSGSEND = YES;
				GCC_C_LANGUAGE_STANDARD = gnu11;
				GCC_NO_COMMON_BLOCKS = YES;
				GCC_WARN_64_TO_32_BIT_CONVERSION = YES;
				GCC_WARN_ABOUT_RETURN_TYPE = YES_ERROR;
				GCC_WARN_UNDECLARED_SELECTOR = YES;
				GCC_WARN_UNINITIALIZED_AUTOS = YES_AGGRESSIVE;
				GCC_WARN_UNUSED_FUNCTION = YES;
				GCC_WARN_UNUSED_VARIABLE = YES;
				MTL_ENABLE_DEBUG_INFO = NO;
				MTL_FAST_MATH = YES;
				SWIFT_COMPILATION_MODE = wholemodule;
				SWIFT_OPTIMIZATION_LEVEL = "-O";
			};
			name = Release;
		};
		170487E52AA04325003136B2 /* Debug */ = {
			isa = XCBuildConfiguration;
			buildSettings = {
				ASSETCATALOG_COMPILER_APPICON_NAME = AppIcon;
				ASSETCATALOG_COMPILER_GLOBAL_ACCENT_COLOR_NAME = AccentColor;
				CODE_SIGN_ENTITLEMENTS = Hello_world/Hello_world.entitlements;
				CODE_SIGN_STYLE = Automatic;
				CURRENT_PROJECT_VERSION = 1;
				DEVELOPMENT_ASSET_PATHS = "\"Hello_world/Preview Content\"";
				DEVELOPMENT_TEAM = BZ86G6QKHT;
				ENABLE_HARDENED_RUNTIME = YES;
				ENABLE_PREVIEWS = YES;
				GENERATE_INFOPLIST_FILE = YES;
				"INFOPLIST_KEY_UIApplicationSceneManifest_Generation[sdk=iphoneos*]" = YES;
				"INFOPLIST_KEY_UIApplicationSceneManifest_Generation[sdk=iphonesimulator*]" = YES;
				"INFOPLIST_KEY_UIApplicationSupportsIndirectInputEvents[sdk=iphoneos*]" = YES;
				"INFOPLIST_KEY_UIApplicationSupportsIndirectInputEvents[sdk=iphonesimulator*]" = YES;
				"INFOPLIST_KEY_UILaunchScreen_Generation[sdk=iphoneos*]" = YES;
				"INFOPLIST_KEY_UILaunchScreen_Generation[sdk=iphonesimulator*]" = YES;
				"INFOPLIST_KEY_UIStatusBarStyle[sdk=iphoneos*]" = UIStatusBarStyleDefault;
				"INFOPLIST_KEY_UIStatusBarStyle[sdk=iphonesimulator*]" = UIStatusBarStyleDefault;
				INFOPLIST_KEY_UISupportedInterfaceOrientations_iPad = "UIInterfaceOrientationPortrait UIInterfaceOrientationPortraitUpsideDown UIInterfaceOrientationLandscapeLeft UIInterfaceOrientationLandscapeRight";
				INFOPLIST_KEY_UISupportedInterfaceOrientations_iPhone = "UIInterfaceOrientationPortrait UIInterfaceOrientationLandscapeLeft UIInterfaceOrientationLandscapeRight";
				IPHONEOS_DEPLOYMENT_TARGET = 16.4;
				LD_RUNPATH_SEARCH_PATHS = "@executable_path/Frameworks";
				"LD_RUNPATH_SEARCH_PATHS[sdk=macosx*]" = "@executable_path/../Frameworks";
				MACOSX_DEPLOYMENT_TARGET = 13.2;
				MARKETING_VERSION = 1.0;
				PRODUCT_BUNDLE_IDENTIFIER = "MobileAppDev.Hello-world";
				PRODUCT_NAME = "$(TARGET_NAME)";
				SDKROOT = auto;
				SUPPORTED_PLATFORMS = "iphoneos iphonesimulator macosx";
				SWIFT_EMIT_LOC_STRINGS = YES;
				SWIFT_VERSION = 5.0;
				TARGETED_DEVICE_FAMILY = "1,2";
			};
			name = Debug;
		};
		170487E62AA04325003136B2 /* Release */ = {
			isa = XCBuildConfiguration;
			buildSettings = {
				ASSETCATALOG_COMPILER_APPICON_NAME = AppIcon;
				ASSETCATALOG_COMPILER_GLOBAL_ACCENT_COLOR_NAME = AccentColor;
				CODE_SIGN_ENTITLEMENTS = Hello_world/Hello_world.entitlements;
				CODE_SIGN_STYLE = Automatic;
				CURRENT_PROJECT_VERSION = 1;
				DEVELOPMENT_ASSET_PATHS = "\"Hello_world/Preview Content\"";
				DEVELOPMENT_TEAM = BZ86G6QKHT;
				ENABLE_HARDENED_RUNTIME = YES;
				ENABLE_PREVIEWS = YES;
				GENERATE_INFOPLIST_FILE = YES;
				"INFOPLIST_KEY_UIApplicationSceneManifest_Generation[sdk=iphoneos*]" = YES;
				"INFOPLIST_KEY_UIApplicationSceneManifest_Generation[sdk=iphonesimulator*]" = YES;
				"INFOPLIST_KEY_UIApplicationSupportsIndirectInputEvents[sdk=iphoneos*]" = YES;
				"INFOPLIST_KEY_UIApplicationSupportsIndirectInputEvents[sdk=iphonesimulator*]" = YES;
				"INFOPLIST_KEY_UILaunchScreen_Generation[sdk=iphoneos*]" = YES;
				"INFOPLIST_KEY_UILaunchScreen_Generation[sdk=iphonesimulator*]" = YES;
				"INFOPLIST_KEY_UIStatusBarStyle[sdk=iphoneos*]" = UIStatusBarStyleDefault;
				"INFOPLIST_KEY_UIStatusBarStyle[sdk=iphonesimulator*]" = UIStatusBarStyleDefault;
				INFOPLIST_KEY_UISupportedInterfaceOrientations_iPad = "UIInterfaceOrientationPortrait UIInterfaceOrientationPortraitUpsideDown UIInterfaceOrientationLandscapeLeft UIInterfaceOrientationLandscapeRight";
				INFOPLIST_KEY_UISupportedInterfaceOrientations_iPhone = "UIInterfaceOrientationPortrait UIInterfaceOrientationLandscapeLeft UIInterfaceOrientationLandscapeRight";
				IPHONEOS_DEPLOYMENT_TARGET = 16.4;
				LD_RUNPATH_SEARCH_PATHS = "@executable_path/Frameworks";
				"LD_RUNPATH_SEARCH_PATHS[sdk=macosx*]" = "@executable_path/../Frameworks";
				MACOSX_DEPLOYMENT_TARGET = 13.2;
				MARKETING_VERSION = 1.0;
				PRODUCT_BUNDLE_IDENTIFIER = "MobileAppDev.Hello-world";
				PRODUCT_NAME = "$(TARGET_NAME)";
				SDKROOT = auto;
				SUPPORTED_PLATFORMS = "iphoneos iphonesimulator macosx";
				SWIFT_EMIT_LOC_STRINGS = YES;
				SWIFT_VERSION = 5.0;
				TARGETED_DEVICE_FAMILY = "1,2";
			};
			name = Release;
		};
		170487E82AA04325003136B2 /* Debug */ = {
			isa = XCBuildConfiguration;
			buildSettings = {
				ALWAYS_EMBED_SWIFT_STANDARD_LIBRARIES = YES;
				BUNDLE_LOADER = "$(TEST_HOST)";
				CODE_SIGN_STYLE = Automatic;
				CURRENT_PROJECT_VERSION = 1;
				DEVELOPMENT_TEAM = BZ86G6QKHT;
				GENERATE_INFOPLIST_FILE = YES;
				IPHONEOS_DEPLOYMENT_TARGET = 16.4;
				MACOSX_DEPLOYMENT_TARGET = 13.2;
				MARKETING_VERSION = 1.0;
				PRODUCT_BUNDLE_IDENTIFIER = "MobileAppDev.Hello-worldTests";
				PRODUCT_NAME = "$(TARGET_NAME)";
				SDKROOT = auto;
				SUPPORTED_PLATFORMS = "iphoneos iphonesimulator macosx";
				SWIFT_EMIT_LOC_STRINGS = NO;
				SWIFT_VERSION = 5.0;
				TARGETED_DEVICE_FAMILY = "1,2";
				TEST_HOST = "$(BUILT_PRODUCTS_DIR)/Hello_world.app/$(BUNDLE_EXECUTABLE_FOLDER_PATH)/Hello_world";
			};
			name = Debug;
		};
		170487E92AA04325003136B2 /* Release */ = {
			isa = XCBuildConfiguration;
			buildSettings = {
				ALWAYS_EMBED_SWIFT_STANDARD_LIBRARIES = YES;
				BUNDLE_LOADER = "$(TEST_HOST)";
				CODE_SIGN_STYLE = Automatic;
				CURRENT_PROJECT_VERSION = 1;
				DEVELOPMENT_TEAM = BZ86G6QKHT;
				GENERATE_INFOPLIST_FILE = YES;
				IPHONEOS_DEPLOYMENT_TARGET = 16.4;
				MACOSX_DEPLOYMENT_TARGET = 13.2;
				MARKETING_VERSION = 1.0;
				PRODUCT_BUNDLE_IDENTIFIER = "MobileAppDev.Hello-worldTests";
				PRODUCT_NAME = "$(TARGET_NAME)";
				SDKROOT = auto;
				SUPPORTED_PLATFORMS = "iphoneos iphonesimulator macosx";
				SWIFT_EMIT_LOC_STRINGS = NO;
				SWIFT_VERSION = 5.0;
				TARGETED_DEVICE_FAMILY = "1,2";
				TEST_HOST = "$(BUILT_PRODUCTS_DIR)/Hello_world.app/$(BUNDLE_EXECUTABLE_FOLDER_PATH)/Hello_world";
			};
			name = Release;
		};
		170487EB2AA04325003136B2 /* Debug */ = {
			isa = XCBuildConfiguration;
			buildSettings = {
				ALWAYS_EMBED_SWIFT_STANDARD_LIBRARIES = YES;
				CODE_SIGN_STYLE = Automatic;
				CURRENT_PROJECT_VERSION = 1;
				DEVELOPMENT_TEAM = BZ86G6QKHT;
				GENERATE_INFOPLIST_FILE = YES;
				IPHONEOS_DEPLOYMENT_TARGET = 16.4;
				MACOSX_DEPLOYMENT_TARGET = 13.2;
				MARKETING_VERSION = 1.0;
				PRODUCT_BUNDLE_IDENTIFIER = "MobileAppDev.Hello-worldUITests";
				PRODUCT_NAME = "$(TARGET_NAME)";
				SDKROOT = auto;
				SUPPORTED_PLATFORMS = "iphoneos iphonesimulator macosx";
				SWIFT_EMIT_LOC_STRINGS = NO;
				SWIFT_VERSION = 5.0;
				TARGETED_DEVICE_FAMILY = "1,2";
				TEST_TARGET_NAME = Hello_world;
			};
			name = Debug;
		};
		170487EC2AA04325003136B2 /* Release */ = {
			isa = XCBuildConfiguration;
			buildSettings = {
				ALWAYS_EMBED_SWIFT_STANDARD_LIBRARIES = YES;
				CODE_SIGN_STYLE = Automatic;
				CURRENT_PROJECT_VERSION = 1;
				DEVELOPMENT_TEAM = BZ86G6QKHT;
				GENERATE_INFOPLIST_FILE = YES;
				IPHONEOS_DEPLOYMENT_TARGET = 16.4;
				MACOSX_DEPLOYMENT_TARGET = 13.2;
				MARKETING_VERSION = 1.0;
				PRODUCT_BUNDLE_IDENTIFIER = "MobileAppDev.Hello-worldUITests";
				PRODUCT_NAME = "$(TARGET_NAME)";
				SDKROOT = auto;
				SUPPORTED_PLATFORMS = "iphoneos iphonesimulator macosx";
				SWIFT_EMIT_LOC_STRINGS = NO;
				SWIFT_VERSION = 5.0;
				TARGETED_DEVICE_FAMILY = "1,2";
				TEST_TARGET_NAME = Hello_world;
			};
			name = Release;
		};
/* End XCBuildConfiguration section */

/* Begin XCConfigurationList section */
		170487BA2AA04323003136B2 /* Build configuration list for PBXProject "Hello_world" */ = {
			isa = XCConfigurationList;
			buildConfigurations = (
				170487E22AA04325003136B2 /* Debug */,
				170487E32AA04325003136B2 /* Release */,
			);
			defaultConfigurationIsVisible = 0;
			defaultConfigurationName = Release;
		};
		170487E42AA04325003136B2 /* Build configuration list for PBXNativeTarget "Hello_world" */ = {
			isa = XCConfigurationList;
			buildConfigurations = (
				170487E52AA04325003136B2 /* Debug */,
				170487E62AA04325003136B2 /* Release */,
			);
			defaultConfigurationIsVisible = 0;
			defaultConfigurationName = Release;
		};
		170487E72AA04325003136B2 /* Build configuration list for PBXNativeTarget "Hello_worldTests" */ = {
			isa = XCConfigurationList;
			buildConfigurations = (
				170487E82AA04325003136B2 /* Debug */,
				170487E92AA04325003136B2 /* Release */,
			);
			defaultConfigurationIsVisible = 0;
			defaultConfigurationName = Release;
		};
		170487EA2AA04325003136B2 /* Build configuration list for PBXNativeTarget "Hello_worldUITests" */ = {
			isa = XCConfigurationList;
			buildConfigurations = (
				170487EB2AA04325003136B2 /* Debug */,
				170487EC2AA04325003136B2 /* Release */,
			);
			defaultConfigurationIsVisible = 0;
			defaultConfigurationName = Release;
		};
/* End XCConfigurationList section */
	};
	rootObject = 170487B72AA04323003136B2 /* Project object */;
}
